<?xml version="1.0" encoding="utf-8"?>
<Project ToolsVersion="4.0" xmlns="http://schemas.microsoft.com/developer/msbuild/2003">
  <ItemGroup>
    <Filter Include="Header Files">
      <UniqueIdentifier>{93995380-89BD-4b04-88EB-625FBE52EBFB}</UniqueIdentifier>
      <Extensions>h;hh;hpp;hxx;hm;inl;inc;xsd</Extensions>
    </Filter>
    <Filter Include="Source Files">
      <UniqueIdentifier>{4FC737F1-C7A5-4376-A066-2A32D752A2FF}</UniqueIdentifier>
      <Extensions>cpp;c;cc;cxx;def;odl;idl;hpj;bat;asm;asmx</Extensions>
    </Filter>
    <Filter Include="Header Files\Features">
      <UniqueIdentifier>{697da6b6-afe3-4792-ab0f-a0d61944ac97}</UniqueIdentifier>
    </Filter>
    <Filter Include="Header Files\Helpers">
      <UniqueIdentifier>{02b800e7-fc64-46e9-a873-b0d242750046}</UniqueIdentifier>
    </Filter>
    <Filter Include="Header Files\ImGui">
      <UniqueIdentifier>{fee4364f-2945-45ee-a748-6101749401a8}</UniqueIdentifier>
    </Filter>
    <Filter Include="Header Files\Interfaces">
      <UniqueIdentifier>{2050f94e-f11b-4dc6-b1f3-ded5eebbe971}</UniqueIdentifier>
    </Filter>
    <Filter Include="Header Files\Math">
      <UniqueIdentifier>{36a4ac2d-632f-4a11-b5bd-2c52d38abeef}</UniqueIdentifier>
    </Filter>
    <Filter Include="Header Files\Misc">
      <UniqueIdentifier>{726dad59-b123-4688-881d-3e58a6172559}</UniqueIdentifier>
    </Filter>
    <Filter Include="Source Files\Features">
      <UniqueIdentifier>{84bb81d7-f80c-4346-a3aa-9ed24cea2cc3}</UniqueIdentifier>
    </Filter>
    <Filter Include="Source Files\Helpers">
      <UniqueIdentifier>{db137c7e-523f-475b-95f4-990ae8d48eeb}</UniqueIdentifier>
    </Filter>
    <Filter Include="Source Files\ImGui">
      <UniqueIdentifier>{38ab4218-c15f-4ce6-bea6-085a0faf82bf}</UniqueIdentifier>
    </Filter>
    <Filter Include="Source Files\Interfaces">
      <UniqueIdentifier>{2d4ad46b-cbd2-4207-a2fb-d09a3cdfe14c}</UniqueIdentifier>
    </Filter>
    <Filter Include="Source Files\Math">
      <UniqueIdentifier>{8de8a7e2-5a76-4e35-93e0-54a84647d5b8}</UniqueIdentifier>
    </Filter>
    <Filter Include="Source Files\Misc">
      <UniqueIdentifier>{aa776414-c475-4a7f-8ec7-7eb6c51fd22d}</UniqueIdentifier>
    </Filter>
  </ItemGroup>
  <ItemGroup>
    <ClInclude Include="Install.hpp">
      <Filter>Header Files</Filter>
    </ClInclude>
    <ClInclude Include="SDK.hpp">
      <Filter>Header Files</Filter>
    </ClInclude>
    <ClInclude Include="VFunc.hpp">
      <Filter>Header Files</Filter>
    </ClInclude>
    <ClInclude Include="IfaceMngr.hpp">
      <Filter>Header Files</Filter>
    </ClInclude>
    <ClInclude Include="NetMngr.hpp">
      <Filter>Header Files</Filter>
    </ClInclude>
    <ClInclude Include="Singleton.hpp">
      <Filter>Header Files</Filter>
    </ClInclude>
    <ClInclude Include="Gamehooking.hpp">
      <Filter>Header Files</Filter>
    </ClInclude>
    <ClInclude Include="Structs.hpp">
      <Filter>Header Files</Filter>
    </ClInclude>
    <ClInclude Include="Options.hpp">
      <Filter>Header Files</Filter>
    </ClInclude>
    <ClInclude Include="AimRage.hpp">
      <Filter>Header Files\Features</Filter>
    </ClInclude>
    <ClInclude Include="Animation.hpp">
      <Filter>Header Files\Features</Filter>
    </ClInclude>
    <ClInclude Include="AntiAim.hpp">
      <Filter>Header Files\Features</Filter>
    </ClInclude>
    <ClInclude Include="BoneAccessor.hpp">
      <Filter>Header Files\Features</Filter>
    </ClInclude>
    <ClInclude Include="GrenadePrediction.h">
      <Filter>Header Files\Features</Filter>
    </ClInclude>
    <ClInclude Include="KitParser.hpp">
      <Filter>Header Files\Features</Filter>
    </ClInclude>
    <ClInclude Include="LagCompensation.hpp">
      <Filter>Header Files\Features</Filter>
    </ClInclude>
    <ClInclude Include="Miscellaneous.hpp">
      <Filter>Header Files\Features</Filter>
    </ClInclude>
    <ClInclude Include="PredictionSystem.hpp">
      <Filter>Header Files\Features</Filter>
    </ClInclude>
    <ClInclude Include="RebuildGameMovement.hpp">
      <Filter>Header Files\Features</Filter>
    </ClInclude>
    <ClInclude Include="Resolver.hpp">
      <Filter>Header Files\Features</Filter>
    </ClInclude>
    <ClInclude Include="Skinchanger.hpp">
      <Filter>Header Files\Features</Filter>
    </ClInclude>
    <ClInclude Include="Visuals.hpp">
      <Filter>Header Files\Features</Filter>
    </ClInclude>
    <ClInclude Include="json.hpp">
      <Filter>Header Files\Helpers</Filter>
    </ClInclude>
    <ClInclude Include="Math.hpp">
      <Filter>Header Files\Helpers</Filter>
    </ClInclude>
    <ClInclude Include="Utils.hpp">
      <Filter>Header Files\Helpers</Filter>
    </ClInclude>
    <ClInclude Include="VMTManager.hpp">
      <Filter>Header Files\Helpers</Filter>
    </ClInclude>
    <ClInclude Include="CClientState.hpp">
      <Filter>Header Files\Interfaces</Filter>
    </ClInclude>
    <ClInclude Include="CInput.hpp">
      <Filter>Header Files\Interfaces</Filter>
    </ClInclude>
    <ClInclude Include="IAppSystem.hpp">
      <Filter>Header Files\Interfaces</Filter>
    </ClInclude>
    <ClInclude Include="IBaseClientDll.hpp">
      <Filter>Header Files\Interfaces</Filter>
    </ClInclude>
    <ClInclude Include="IClientEntity.hpp">
      <Filter>Header Files\Interfaces</Filter>
    </ClInclude>
    <ClInclude Include="IClientEntityList.hpp">
      <Filter>Header Files\Interfaces</Filter>
    </ClInclude>
    <ClInclude Include="IClientMode.hpp">
      <Filter>Header Files\Interfaces</Filter>
    </ClInclude>
    <ClInclude Include="IClientNetworkable.hpp">
      <Filter>Header Files\Interfaces</Filter>
    </ClInclude>
    <ClInclude Include="IClientRenderable.hpp">
      <Filter>Header Files\Interfaces</Filter>
    </ClInclude>
    <ClInclude Include="IClientThinkable.hpp">
      <Filter>Header Files\Interfaces</Filter>
    </ClInclude>
    <ClInclude Include="IClientUnknown.hpp">
      <Filter>Header Files\Interfaces</Filter>
    </ClInclude>
    <ClInclude Include="ICollideable.hpp">
      <Filter>Header Files\Interfaces</Filter>
    </ClInclude>
    <ClInclude Include="IConVar.hpp">
      <Filter>Header Files\Interfaces</Filter>
    </ClInclude>
    <ClInclude Include="ICvar.hpp">
      <Filter>Header Files\Interfaces</Filter>
    </ClInclude>
    <ClInclude Include="IEngineSound.hpp">
      <Filter>Header Files\Interfaces</Filter>
    </ClInclude>
    <ClInclude Include="IEngineTrace.hpp">
      <Filter>Header Files\Interfaces</Filter>
    </ClInclude>
    <ClInclude Include="IGameEventmanager.hpp">
      <Filter>Header Files\Interfaces</Filter>
    </ClInclude>
    <ClInclude Include="ILocalize.hpp">
      <Filter>Header Files\Interfaces</Filter>
    </ClInclude>
    <ClInclude Include="IMaterialSystem.hpp">
      <Filter>Header Files\Interfaces</Filter>
    </ClInclude>
    <ClInclude Include="IMDLCache.hpp">
      <Filter>Header Files\Interfaces</Filter>
    </ClInclude>
    <ClInclude Include="IMoveHelper.hpp">
      <Filter>Header Files\Interfaces</Filter>
    </ClInclude>
    <ClInclude Include="IPanel.hpp">
      <Filter>Header Files\Interfaces</Filter>
    </ClInclude>
    <ClInclude Include="IPhysics.hpp">
      <Filter>Header Files\Interfaces</Filter>
    </ClInclude>
    <ClInclude Include="IPrediction.hpp">
      <Filter>Header Files\Interfaces</Filter>
    </ClInclude>
    <ClInclude Include="IRenderView.hpp">
      <Filter>Header Files\Interfaces</Filter>
    </ClInclude>
    <ClInclude Include="ISurface.hpp">
      <Filter>Header Files\Interfaces</Filter>
    </ClInclude>
    <ClInclude Include="IVDebugOverlay.hpp">
      <Filter>Header Files\Interfaces</Filter>
    </ClInclude>
    <ClInclude Include="IVEngineClient.hpp">
      <Filter>Header Files\Interfaces</Filter>
    </ClInclude>
    <ClInclude Include="IViewRender.hpp">
      <Filter>Header Files\Interfaces</Filter>
    </ClInclude>
    <ClInclude Include="IViewRenderBeams.hpp">
      <Filter>Header Files\Interfaces</Filter>
    </ClInclude>
    <ClInclude Include="IVModelInfoClient.hpp">
      <Filter>Header Files\Interfaces</Filter>
    </ClInclude>
    <ClInclude Include="IVModelRender.hpp">
      <Filter>Header Files\Interfaces</Filter>
    </ClInclude>
    <ClInclude Include="QAngle.hpp">
      <Filter>Header Files\Math</Filter>
    </ClInclude>
    <ClInclude Include="Vector.hpp">
      <Filter>Header Files\Math</Filter>
    </ClInclude>
    <ClInclude Include="Vector2D.hpp">
      <Filter>Header Files\Math</Filter>
    </ClInclude>
    <ClInclude Include="Vector4D.hpp">
      <Filter>Header Files\Math</Filter>
    </ClInclude>
    <ClInclude Include="VMatrix.hpp">
      <Filter>Header Files\Math</Filter>
    </ClInclude>
    <ClInclude Include="BaseHandle.hpp">
      <Filter>Header Files\Misc</Filter>
    </ClInclude>
    <ClInclude Include="characterset.hpp">
      <Filter>Header Files\Misc</Filter>
    </ClInclude>
    <ClInclude Include="checksum_crc.hpp">
      <Filter>Header Files\Misc</Filter>
    </ClInclude>
    <ClInclude Include="checksum_md5.hpp">
      <Filter>Header Files\Misc</Filter>
    </ClInclude>
    <ClInclude Include="ClientClass.hpp">
      <Filter>Header Files\Misc</Filter>
    </ClInclude>
    <ClInclude Include="Color.hpp">
      <Filter>Header Files\Misc</Filter>
    </ClInclude>
    <ClInclude Include="Convar.hpp">
      <Filter>Header Files\Misc</Filter>
    </ClInclude>
    <ClInclude Include="CUserCmd.hpp">
      <Filter>Header Files\Misc</Filter>
    </ClInclude>
    <ClInclude Include="datamap.hpp">
      <Filter>Header Files\Misc</Filter>
    </ClInclude>
    <ClInclude Include="EHandle.hpp">
      <Filter>Header Files\Misc</Filter>
    </ClInclude>
    <ClInclude Include="Enums.hpp">
      <Filter>Header Files\Misc</Filter>
    </ClInclude>
    <ClInclude Include="GlobalVars.hpp">
      <Filter>Header Files\Misc</Filter>
    </ClInclude>
    <ClInclude Include="glow_outline_effect.hpp">
      <Filter>Header Files\Misc</Filter>
    </ClInclude>
    <ClInclude Include="IHandleEntity.hpp">
      <Filter>Header Files\Misc</Filter>
    </ClInclude>
    <ClInclude Include="platform.hpp">
      <Filter>Header Files\Misc</Filter>
    </ClInclude>
    <ClInclude Include="Recv.hpp">
      <Filter>Header Files\Misc</Filter>
    </ClInclude>
    <ClInclude Include="Studio.hpp">
      <Filter>Header Files\Misc</Filter>
    </ClInclude>
    <ClInclude Include="UtlBuffer.hpp">
      <Filter>Header Files\Misc</Filter>
    </ClInclude>
    <ClInclude Include="UtlMemory.hpp">
      <Filter>Header Files\Misc</Filter>
    </ClInclude>
    <ClInclude Include="UtlString.hpp">
      <Filter>Header Files\Misc</Filter>
    </ClInclude>
    <ClInclude Include="UtlVector.hpp">
      <Filter>Header Files\Misc</Filter>
    </ClInclude>
    <ClInclude Include="imgui.hpp">
      <Filter>Header Files\ImGui</Filter>
    </ClInclude>
    <ClInclude Include="imgui_impl_dx9.hpp">
      <Filter>Header Files\ImGui</Filter>
    </ClInclude>
    <ClInclude Include="imgui_internal.hpp">
      <Filter>Header Files\ImGui</Filter>
    </ClInclude>
    <ClInclude Include="stb_rect_pack.hpp">
      <Filter>Header Files\ImGui</Filter>
    </ClInclude>
    <ClInclude Include="stb_textedit.hpp">
      <Filter>Header Files\ImGui</Filter>
    </ClInclude>
    <ClInclude Include="stb_truetype.hpp">
      <Filter>Header Files\ImGui</Filter>
    </ClInclude>
    <ClInclude Include="Menu.hpp">
      <Filter>Header Files</Filter>
    </ClInclude>
    <ClInclude Include="Combo.hpp">
      <Filter>Header Files</Filter>
    </ClInclude>
    <ClInclude Include="Input.hpp">
      <Filter>Header Files</Filter>
    </ClInclude>
    <ClInclude Include="pIncludes.hpp">
      <Filter>Header Files</Filter>
    </ClInclude>
    <ClInclude Include="Config Manager.hpp">
      <Filter>Header Files</Filter>
    </ClInclude>
    <ClInclude Include="Draw Manager.hpp">
      <Filter>Header Files\Helpers</Filter>
    </ClInclude>
    <ClInclude Include="Material Helper.hpp">
      <Filter>Header Files\Helpers</Filter>
    </ClInclude>
    <ClInclude Include="CColor.hpp">
      <Filter>Header Files\Helpers</Filter>
    </ClInclude>
    <ClInclude Include="Fonts.hpp">
      <Filter>Header Files\Helpers</Filter>
    </ClInclude>
    <ClInclude Include="Event Listener.hpp">
      <Filter>Header Files\Features</Filter>
    </ClInclude>
    <ClInclude Include="Fakelag.h">
      <Filter>Header Files\Features</Filter>
    </ClInclude>
    <ClInclude Include="extrapolation.h">
      <Filter>Header Files</Filter>
    </ClInclude>
  </ItemGroup>
  <ItemGroup>
    <ClCompile Include="DllMain.cpp">
      <Filter>Source Files</Filter>
    </ClCompile>
    <ClCompile Include="Install.cpp">
      <Filter>Source Files</Filter>
    </ClCompile>
    <ClCompile Include="NetMngr.cpp">
      <Filter>Source Files</Filter>
    </ClCompile>
    <ClCompile Include="Handlers.cpp">
      <Filter>Source Files</Filter>
    </ClCompile>
    <ClCompile Include="Structs.cpp">
      <Filter>Source Files</Filter>
    </ClCompile>
    <ClCompile Include="Animation.cpp">
      <Filter>Source Files\Features</Filter>
    </ClCompile>
    <ClCompile Include="AntiAim.cpp">
      <Filter>Source Files\Features</Filter>
    </ClCompile>
    <ClCompile Include="GrenadePrediction.cpp">
      <Filter>Source Files\Features</Filter>
    </ClCompile>
    <ClCompile Include="KitParser.cpp">
      <Filter>Source Files\Features</Filter>
    </ClCompile>
    <ClCompile Include="LagCompensation.cpp">
      <Filter>Source Files\Features</Filter>
    </ClCompile>
    <ClCompile Include="Miscellaneous.cpp">
      <Filter>Source Files\Features</Filter>
    </ClCompile>
    <ClCompile Include="PredictionSystem.cpp">
      <Filter>Source Files\Features</Filter>
    </ClCompile>
    <ClCompile Include="RebuildGameMovement.cpp">
      <Filter>Source Files\Features</Filter>
    </ClCompile>
    <ClCompile Include="Resolver.cpp">
      <Filter>Source Files\Features</Filter>
    </ClCompile>
    <ClCompile Include="Skinchanger.cpp">
      <Filter>Source Files\Features</Filter>
    </ClCompile>
    <ClCompile Include="Visuals.cpp">
      <Filter>Source Files\Features</Filter>
    </ClCompile>
    <ClCompile Include="Math.cpp">
      <Filter>Source Files\Helpers</Filter>
    </ClCompile>
    <ClCompile Include="Utils.cpp">
      <Filter>Source Files\Helpers</Filter>
    </ClCompile>
    <ClCompile Include="IEngineTrace.cpp">
      <Filter>Source Files\Interfaces</Filter>
    </ClCompile>
    <ClCompile Include="Vector2D.cpp">
      <Filter>Source Files\Math</Filter>
    </ClCompile>
    <ClCompile Include="Vector4D.cpp">
      <Filter>Source Files\Math</Filter>
    </ClCompile>
    <ClCompile Include="VMatrix.cpp">
      <Filter>Source Files\Math</Filter>
    </ClCompile>
    <ClCompile Include="characterset.cpp">
      <Filter>Source Files\Misc</Filter>
    </ClCompile>
    <ClCompile Include="checksum_crc.cpp">
      <Filter>Source Files\Misc</Filter>
    </ClCompile>
    <ClCompile Include="checksum_md5.cpp">
      <Filter>Source Files\Misc</Filter>
    </ClCompile>
    <ClCompile Include="Convar.cpp">
      <Filter>Source Files\Misc</Filter>
    </ClCompile>
    <ClCompile Include="UtlBuffer.cpp">
      <Filter>Source Files\Misc</Filter>
    </ClCompile>
    <ClCompile Include="UtlString.cpp">
      <Filter>Source Files\Misc</Filter>
    </ClCompile>
    <ClCompile Include="imgui.cpp">
      <Filter>Source Files\ImGui</Filter>
    </ClCompile>
    <ClCompile Include="imgui_colorpicker.cpp">
      <Filter>Source Files\ImGui</Filter>
    </ClCompile>
    <ClCompile Include="imgui_impl_dx9.cpp">
      <Filter>Source Files\ImGui</Filter>
    </ClCompile>
    <ClCompile Include="imgui_draw.cpp">
      <Filter>Source Files\ImGui</Filter>
    </ClCompile>
    <ClCompile Include="Menu.cpp">
      <Filter>Source Files</Filter>
    </ClCompile>
    <ClCompile Include="Input.cpp">
      <Filter>Source Files</Filter>
    </ClCompile>
    <ClCompile Include="Config Manager.cpp">
      <Filter>Source Files</Filter>
    </ClCompile>
    <ClCompile Include="Draw Manager.cpp">
      <Filter>Source Files\Helpers</Filter>
    </ClCompile>
    <ClCompile Include="Fonts.cpp">
      <Filter>Source Files\Helpers</Filter>
    </ClCompile>
    <ClCompile Include="Event Listener.cpp">
      <Filter>Source Files\Features</Filter>
    </ClCompile>
    <ClCompile Include="Fakelag.cpp">
      <Filter>Source Files\Features</Filter>
    </ClCompile>
    <ClCompile Include="extrapolation.cpp">
      <Filter>Source Files</Filter>
    </ClCompile>
    <ClCompile Include="ragebot.cpp">
      <Filter>Source Files\Features</Filter>
    </ClCompile>
    <ClCompile Include="materials.cpp">
      <Filter>Source Files\Helpers</Filter>
    </ClCompile>
  </ItemGroup>
</Project>